
Microsoft Visual Studio Solution File, Format Version 12.00
# Visual Studio 15
VisualStudioVersion = 15.0.27428.2043
MinimumVisualStudioVersion = 10.0.40219.1
Project("{FAE04EC0-301F-11D3-BF4B-00C04F79EFBC}") = "Plum", "Plum\Plum.csproj", "{C23B7712-80C1-488F-9758-E860620E2F6D}"
EndProject
Global
	GlobalSection(SolutionConfigurationPlatforms) = preSolution
		Debug|Any CPU = Debug|Any CPU
		Release|Any CPU = Release|Any CPU
	EndGlobalSection
	GlobalSection(ProjectConfigurationPlatforms) = postSolution
		{C23B7712-80C1-488F-9758-E860620E2F6D}.Debug|Any CPU.ActiveCfg = Debug|Any CPU
		{C23B7712-80C1-488F-9758-E860620E2F6D}.Debug|Any CPU.Build.0 = Debug|Any CPU
		{C23B7712-80C1-488F-9758-E860620E2F6D}.Release|Any CPU.ActiveCfg = Release|Any CPU
		{C23B7712-80C1-488F-9758-E860620E2F6D}.Release|Any CPU.Build.0 = Release|Any CPU
	EndGlobalSection
	GlobalSection(SolutionProperties) = preSolution
		HideSolutionNode = FALSE
	EndGlobalSection
	GlobalSection(ExtensibilityGlobals) = postSolution
		SolutionGuid = {65A11FF3-404B-4C34-9CEF-442F56B6D856}
	EndGlobalSection
EndGlobal
